
Microsoft Visual Studio Solution File, Format Version 12.00
# Visual Studio Version 16
VisualStudioVersion = 16.0.29503.13
MinimumVisualStudioVersion = 10.0.40219.1
Project("{9A19103F-16F7-4668-BE54-9A1E7A4F7556}") = "TravellingSalesmanProblem", "TravellingSalesmanProblem\TravellingSalesmanProblem.csproj", "{D400A5C6-3520-4094-8441-DAE3E6CC016C}"
EndProject
Global
	GlobalSection(SolutionConfigurationPlatforms) = preSolution
		Debug|Any CPU = Debug|Any CPU
		FOR_THLOCAL|Any CPU = FOR_THLOCAL|Any CPU
		FOR|Any CPU = FOR|Any CPU
		PARTITIONER_THLOCAL|Any CPU = PARTITIONER_THLOCAL|Any CPU
		PARTITIONER|Any CPU = PARTITIONER|Any CPU
		Release|Any CPU = Release|Any CPU
	EndGlobalSection
	GlobalSection(ProjectConfigurationPlatforms) = postSolution
		{D400A5C6-3520-4094-8441-DAE3E6CC016C}.Debug|Any CPU.ActiveCfg = Debug|Any CPU
		{D400A5C6-3520-4094-8441-DAE3E6CC016C}.Debug|Any CPU.Build.0 = Debug|Any CPU
		{D400A5C6-3520-4094-8441-DAE3E6CC016C}.FOR_THLOCAL|Any CPU.ActiveCfg = FOR_THLOCAL|Any CPU
		{D400A5C6-3520-4094-8441-DAE3E6CC016C}.FOR_THLOCAL|Any CPU.Build.0 = FOR_THLOCAL|Any CPU
		{D400A5C6-3520-4094-8441-DAE3E6CC016C}.FOR|Any CPU.ActiveCfg = FOR|Any CPU
		{D400A5C6-3520-4094-8441-DAE3E6CC016C}.FOR|Any CPU.Build.0 = FOR|Any CPU
		{D400A5C6-3520-4094-8441-DAE3E6CC016C}.PARTITIONER_THLOCAL|Any CPU.ActiveCfg = PARTITIONER_THLOCAL|Any CPU
		{D400A5C6-3520-4094-8441-DAE3E6CC016C}.PARTITIONER_THLOCAL|Any CPU.Build.0 = PARTITIONER_THLOCAL|Any CPU
		{D400A5C6-3520-4094-8441-DAE3E6CC016C}.PARTITIONER|Any CPU.ActiveCfg = PARTITIONER|Any CPU
		{D400A5C6-3520-4094-8441-DAE3E6CC016C}.PARTITIONER|Any CPU.Build.0 = PARTITIONER|Any CPU
		{D400A5C6-3520-4094-8441-DAE3E6CC016C}.Release|Any CPU.ActiveCfg = Release|Any CPU
		{D400A5C6-3520-4094-8441-DAE3E6CC016C}.Release|Any CPU.Build.0 = Release|Any CPU
	EndGlobalSection
	GlobalSection(SolutionProperties) = preSolution
		HideSolutionNode = FALSE
	EndGlobalSection
	GlobalSection(ExtensibilityGlobals) = postSolution
		SolutionGuid = {6FB89B57-C237-4795-B3BB-2A3EC19758F8}
	EndGlobalSection
EndGlobal
